
Microsoft Visual Studio Solution File, Format Version 12.00
# Visual Studio Version 16
VisualStudioVersion = 16.0.810.11
MinimumVisualStudioVersion = 10.0.40219.1
Project("{FAE04EC0-301F-11D3-BF4B-00C04F79EFBC}") = "TestErpBackend", "TestErpBackend\TestErpBackend.csproj", "{666E4489-8449-47C9-A93F-2667AB9A8EA9}"
EndProject
Project("{FAE04EC0-301F-11D3-BF4B-00C04F79EFBC}") = "ErpBackend", "ErpBackend\ErpBackend.csproj", "{625A2E5A-FBCB-4F45-8808-6515492515FA}"
EndProject
Global
	GlobalSection(SolutionConfigurationPlatforms) = preSolution
		Debug|Any CPU = Debug|Any CPU
		Release|Any CPU = Release|Any CPU
	EndGlobalSection
	GlobalSection(ProjectConfigurationPlatforms) = postSolution
		{666E4489-8449-47C9-A93F-2667AB9A8EA9}.Debug|Any CPU.ActiveCfg = Debug|Any CPU
		{666E4489-8449-47C9-A93F-2667AB9A8EA9}.Debug|Any CPU.Build.0 = Debug|Any CPU
		{666E4489-8449-47C9-A93F-2667AB9A8EA9}.Release|Any CPU.ActiveCfg = Release|Any CPU
		{666E4489-8449-47C9-A93F-2667AB9A8EA9}.Release|Any CPU.Build.0 = Release|Any CPU
		{625A2E5A-FBCB-4F45-8808-6515492515FA}.Debug|Any CPU.ActiveCfg = Debug|Any CPU
		{625A2E5A-FBCB-4F45-8808-6515492515FA}.Debug|Any CPU.Build.0 = Debug|Any CPU
		{625A2E5A-FBCB-4F45-8808-6515492515FA}.Release|Any CPU.ActiveCfg = Release|Any CPU
		{625A2E5A-FBCB-4F45-8808-6515492515FA}.Release|Any CPU.Build.0 = Release|Any CPU
	EndGlobalSection
	GlobalSection(SolutionProperties) = preSolution
		HideSolutionNode = FALSE
	EndGlobalSection
	GlobalSection(ExtensibilityGlobals) = postSolution
		SolutionGuid = {4DF23474-D8A8-44D5-9900-3520096C3594}
	EndGlobalSection
EndGlobal
